
Microsoft Visual Studio Solution File, Format Version 12.00
# Visual Studio Version 16
VisualStudioVersion = 16.0.31624.102
MinimumVisualStudioVersion = 10.0.40219.1
Project("{FAE04EC0-301F-11D3-BF4B-00C04F79EFBC}") = "SiebDesErstosthenes", "SiebDesErstosthenes\SiebDesErstosthenes.csproj", "{0C592657-5C27-4BCF-8F8D-3495D6B82213}"
EndProject
Global
	GlobalSection(SolutionConfigurationPlatforms) = preSolution
		Debug|Any CPU = Debug|Any CPU
		Release|Any CPU = Release|Any CPU
	EndGlobalSection
	GlobalSection(ProjectConfigurationPlatforms) = postSolution
		{0C592657-5C27-4BCF-8F8D-3495D6B82213}.Debug|Any CPU.ActiveCfg = Debug|Any CPU
		{0C592657-5C27-4BCF-8F8D-3495D6B82213}.Debug|Any CPU.Build.0 = Debug|Any CPU
		{0C592657-5C27-4BCF-8F8D-3495D6B82213}.Release|Any CPU.ActiveCfg = Release|Any CPU
		{0C592657-5C27-4BCF-8F8D-3495D6B82213}.Release|Any CPU.Build.0 = Release|Any CPU
	EndGlobalSection
	GlobalSection(SolutionProperties) = preSolution
		HideSolutionNode = FALSE
	EndGlobalSection
	GlobalSection(ExtensibilityGlobals) = postSolution
		SolutionGuid = {4CCBD716-77E6-42A6-BB9E-28BFA7605452}
	EndGlobalSection
EndGlobal
